
Microsoft Visual Studio Solution File, Format Version 11.00
# Visual C++ Express 2010
Project("{8BC9CEB8-8B4A-11D0-8D11-00A0C91BC942}") = "렉토플젝(진황)", "렉토플젝(진황)\렉토플젝(진황).vcxproj", "{33A4850E-DEFA-4856-B9ED-54F27A18565C}"
EndProject
Global
	GlobalSection(SolutionConfigurationPlatforms) = preSolution
		Debug|Win32 = Debug|Win32
		Release|Win32 = Release|Win32
	EndGlobalSection
	GlobalSection(ProjectConfigurationPlatforms) = postSolution
		{33A4850E-DEFA-4856-B9ED-54F27A18565C}.Debug|Win32.ActiveCfg = Debug|Win32
		{33A4850E-DEFA-4856-B9ED-54F27A18565C}.Debug|Win32.Build.0 = Debug|Win32
		{33A4850E-DEFA-4856-B9ED-54F27A18565C}.Release|Win32.ActiveCfg = Release|Win32
		{33A4850E-DEFA-4856-B9ED-54F27A18565C}.Release|Win32.Build.0 = Release|Win32
	EndGlobalSection
	GlobalSection(SolutionProperties) = preSolution
		HideSolutionNode = FALSE
	EndGlobalSection
EndGlobal
